<Solution>
  <Project Path="AgenticMcp.Agent.Core/AgenticMcp.Agent.Core.csproj" />
  <Project Path="AgenticMcp.Agent.Host/AgenticMcp.Agent.Host.csproj" />
  <Project Path="AgenticMcp.Agent.Modules/AgenticMcp.Agent.Modules.csproj" />
  <Project Path="AgenticMcp.Agent.Tests/AgenticMcp.Agent.Tests.csproj" />
  <Project Path="AgenticMcp.Agent.Windows/AgenticMcp.Agent.Windows.csproj" />
</Solution>
